
Microsoft Visual Studio Solution File, Format Version 12.00
# Visual Studio Version 17
VisualStudioVersion = 17.7.34202.233
MinimumVisualStudioVersion = 10.0.40219.1
Project("{FAE04EC0-301F-11D3-BF4B-00C04F79EFBC}") = "FitnessApp", "FitnessApp.csproj", "{564B5BD6-BE13-46A4-8F6F-61DD505D5F7D}"
EndProject
Project("{FAE04EC0-301F-11D3-BF4B-00C04F79EFBC}") = "FitnessApp.UI", "FitnessApp.UI\FitnessApp.UI.csproj", "{31770198-08DE-4C5F-9CCE-1665261A46EE}"
EndProject
Global
	GlobalSection(SolutionConfigurationPlatforms) = preSolution
		Debug|Any CPU = Debug|Any CPU
		Release|Any CPU = Release|Any CPU
	EndGlobalSection
	GlobalSection(ProjectConfigurationPlatforms) = postSolution
		{564B5BD6-BE13-46A4-8F6F-61DD505D5F7D}.Debug|Any CPU.ActiveCfg = Debug|Any CPU
		{564B5BD6-BE13-46A4-8F6F-61DD505D5F7D}.Debug|Any CPU.Build.0 = Debug|Any CPU
		{564B5BD6-BE13-46A4-8F6F-61DD505D5F7D}.Release|Any CPU.ActiveCfg = Release|Any CPU
		{564B5BD6-BE13-46A4-8F6F-61DD505D5F7D}.Release|Any CPU.Build.0 = Release|Any CPU
		{31770198-08DE-4C5F-9CCE-1665261A46EE}.Debug|Any CPU.ActiveCfg = Debug|Any CPU
		{31770198-08DE-4C5F-9CCE-1665261A46EE}.Debug|Any CPU.Build.0 = Debug|Any CPU
		{31770198-08DE-4C5F-9CCE-1665261A46EE}.Release|Any CPU.ActiveCfg = Release|Any CPU
		{31770198-08DE-4C5F-9CCE-1665261A46EE}.Release|Any CPU.Build.0 = Release|Any CPU
	EndGlobalSection
	GlobalSection(SolutionProperties) = preSolution
		HideSolutionNode = FALSE
	EndGlobalSection
	GlobalSection(ExtensibilityGlobals) = postSolution
		SolutionGuid = {3138CF87-B4EB-4258-82A9-36794381C998}
	EndGlobalSection
EndGlobal
